
Microsoft Visual Studio Solution File, Format Version 12.00
# Visual Studio Version 17
VisualStudioVersion = 17.7.34221.43
MinimumVisualStudioVersion = 10.0.40219.1
Project("{FAE04EC0-301F-11D3-BF4B-00C04F79EFBC}") = "Hotel_ManagementSystem", "Hotel_ManagementSystem\Hotel_ManagementSystem.csproj", "{ED08ECB7-5626-4BDD-8A43-8D70B01C5EE3}"
EndProject
Global
	GlobalSection(SolutionConfigurationPlatforms) = preSolution
		Debug|Any CPU = Debug|Any CPU
		Release|Any CPU = Release|Any CPU
	EndGlobalSection
	GlobalSection(ProjectConfigurationPlatforms) = postSolution
		{ED08ECB7-5626-4BDD-8A43-8D70B01C5EE3}.Debug|Any CPU.ActiveCfg = Debug|Any CPU
		{ED08ECB7-5626-4BDD-8A43-8D70B01C5EE3}.Debug|Any CPU.Build.0 = Debug|Any CPU
		{ED08ECB7-5626-4BDD-8A43-8D70B01C5EE3}.Release|Any CPU.ActiveCfg = Release|Any CPU
		{ED08ECB7-5626-4BDD-8A43-8D70B01C5EE3}.Release|Any CPU.Build.0 = Release|Any CPU
	EndGlobalSection
	GlobalSection(SolutionProperties) = preSolution
		HideSolutionNode = FALSE
	EndGlobalSection
	GlobalSection(ExtensibilityGlobals) = postSolution
		SolutionGuid = {E1ED4075-078C-42DC-B110-DC7E55AE2085}
	EndGlobalSection
EndGlobal
